
Microsoft Visual Studio Solution File, Format Version 12.00
# Visual Studio Version 16
VisualStudioVersion = 16.0.30804.86
MinimumVisualStudioVersion = 10.0.40219.1
Project("{9A19103F-16F7-4668-BE54-9A1E7A4F7556}") = "KampInto1.1", "KampInto1.1\KampInto1.1.csproj", "{7DF86A87-641B-4E58-ACA9-682C83054A44}"
EndProject
Project("{9A19103F-16F7-4668-BE54-9A1E7A4F7556}") = "Donguler", "Donguler\Donguler.csproj", "{D7A020A3-8FDC-4E29-87D0-A6BD18DD39A5}"
EndProject
Project("{9A19103F-16F7-4668-BE54-9A1E7A4F7556}") = "ClassIntro", "ClassIntro\ClassIntro.csproj", "{95FC7E61-35AC-4366-8719-A7C99AC2493E}"
EndProject
Project("{9A19103F-16F7-4668-BE54-9A1E7A4F7556}") = "Metotlar", "Metotlar\Metotlar.csproj", "{48412A6E-84F3-43CD-9C87-E77D930108D1}"
EndProject
Project("{FAE04EC0-301F-11D3-BF4B-00C04F79EFBC}") = "Matematik", "Matematik\Matematik.csproj", "{74913D83-FE11-40A9-AEBC-8DED6F20D061}"
EndProject
Project("{FAE04EC0-301F-11D3-BF4B-00C04F79EFBC}") = "DegerVeReferansTipler", "DegerVeReferansTipler\DegerVeReferansTipler.csproj", "{95B32227-1FD3-40BB-ADA4-A052AC4CA71D}"
EndProject
Global
	GlobalSection(SolutionConfigurationPlatforms) = preSolution
		Debug|Any CPU = Debug|Any CPU
		Release|Any CPU = Release|Any CPU
	EndGlobalSection
	GlobalSection(ProjectConfigurationPlatforms) = postSolution
		{7DF86A87-641B-4E58-ACA9-682C83054A44}.Debug|Any CPU.ActiveCfg = Debug|Any CPU
		{7DF86A87-641B-4E58-ACA9-682C83054A44}.Debug|Any CPU.Build.0 = Debug|Any CPU
		{7DF86A87-641B-4E58-ACA9-682C83054A44}.Release|Any CPU.ActiveCfg = Release|Any CPU
		{7DF86A87-641B-4E58-ACA9-682C83054A44}.Release|Any CPU.Build.0 = Release|Any CPU
		{D7A020A3-8FDC-4E29-87D0-A6BD18DD39A5}.Debug|Any CPU.ActiveCfg = Debug|Any CPU
		{D7A020A3-8FDC-4E29-87D0-A6BD18DD39A5}.Debug|Any CPU.Build.0 = Debug|Any CPU
		{D7A020A3-8FDC-4E29-87D0-A6BD18DD39A5}.Release|Any CPU.ActiveCfg = Release|Any CPU
		{D7A020A3-8FDC-4E29-87D0-A6BD18DD39A5}.Release|Any CPU.Build.0 = Release|Any CPU
		{95FC7E61-35AC-4366-8719-A7C99AC2493E}.Debug|Any CPU.ActiveCfg = Debug|Any CPU
		{95FC7E61-35AC-4366-8719-A7C99AC2493E}.Debug|Any CPU.Build.0 = Debug|Any CPU
		{95FC7E61-35AC-4366-8719-A7C99AC2493E}.Release|Any CPU.ActiveCfg = Release|Any CPU
		{95FC7E61-35AC-4366-8719-A7C99AC2493E}.Release|Any CPU.Build.0 = Release|Any CPU
		{48412A6E-84F3-43CD-9C87-E77D930108D1}.Debug|Any CPU.ActiveCfg = Debug|Any CPU
		{48412A6E-84F3-43CD-9C87-E77D930108D1}.Debug|Any CPU.Build.0 = Debug|Any CPU
		{48412A6E-84F3-43CD-9C87-E77D930108D1}.Release|Any CPU.ActiveCfg = Release|Any CPU
		{48412A6E-84F3-43CD-9C87-E77D930108D1}.Release|Any CPU.Build.0 = Release|Any CPU
		{74913D83-FE11-40A9-AEBC-8DED6F20D061}.Debug|Any CPU.ActiveCfg = Debug|Any CPU
		{74913D83-FE11-40A9-AEBC-8DED6F20D061}.Debug|Any CPU.Build.0 = Debug|Any CPU
		{74913D83-FE11-40A9-AEBC-8DED6F20D061}.Release|Any CPU.ActiveCfg = Release|Any CPU
		{74913D83-FE11-40A9-AEBC-8DED6F20D061}.Release|Any CPU.Build.0 = Release|Any CPU
		{95B32227-1FD3-40BB-ADA4-A052AC4CA71D}.Debug|Any CPU.ActiveCfg = Debug|Any CPU
		{95B32227-1FD3-40BB-ADA4-A052AC4CA71D}.Debug|Any CPU.Build.0 = Debug|Any CPU
		{95B32227-1FD3-40BB-ADA4-A052AC4CA71D}.Release|Any CPU.ActiveCfg = Release|Any CPU
		{95B32227-1FD3-40BB-ADA4-A052AC4CA71D}.Release|Any CPU.Build.0 = Release|Any CPU
	EndGlobalSection
	GlobalSection(SolutionProperties) = preSolution
		HideSolutionNode = FALSE
	EndGlobalSection
	GlobalSection(ExtensibilityGlobals) = postSolution
		SolutionGuid = {EEC9FE0D-B046-40C9-AB22-75F638EA2571}
	EndGlobalSection
EndGlobal
